// !$*UTF8*$!
{
	archiveVersion = 1;
	classes = {
	};
	objectVersion = 56;
	objects = {

/* Begin PBXBuildFile section */
		0F3E1AA32B1BEC4A0004FEAE /* ForgetPasswordVC.swift in Sources */ = {isa = PBXBuildFile; fileRef = 0F3E1AA22B1BEC4A0004FEAE /* ForgetPasswordVC.swift */; };
		0F8D03492B295CE5006216FA /* CollectView+Enum.swift in Sources */ = {isa = PBXBuildFile; fileRef = 0F8D03482B295CE5006216FA /* CollectView+Enum.swift */; };
		0F8D034C2B295D8B006216FA /* NewArrivalsCell.swift in Sources */ = {isa = PBXBuildFile; fileRef = 0F8D034A2B295D8B006216FA /* NewArrivalsCell.swift */; };
		0F8D034D2B295D8B006216FA /* NewArrivalsCell.xib in Resources */ = {isa = PBXBuildFile; fileRef = 0F8D034B2B295D8B006216FA /* NewArrivalsCell.xib */; };
		0FC1E2F02B17C10A00A861B7 /* AppDelegate.swift in Sources */ = {isa = PBXBuildFile; fileRef = 0FC1E2EF2B17C10A00A861B7 /* AppDelegate.swift */; };
		0FC1E2F22B17C10A00A861B7 /* SceneDelegate.swift in Sources */ = {isa = PBXBuildFile; fileRef = 0FC1E2F12B17C10A00A861B7 /* SceneDelegate.swift */; };
		0FC1E2F42B17C10A00A861B7 /* SignInVC.swift in Sources */ = {isa = PBXBuildFile; fileRef = 0FC1E2F32B17C10A00A861B7 /* SignInVC.swift */; };
		0FC1E2F72B17C10A00A861B7 /* Main.storyboard in Resources */ = {isa = PBXBuildFile; fileRef = 0FC1E2F52B17C10A00A861B7 /* Main.storyboard */; };
		0FC1E2F92B17C10C00A861B7 /* Assets.xcassets in Resources */ = {isa = PBXBuildFile; fileRef = 0FC1E2F82B17C10C00A861B7 /* Assets.xcassets */; };
		0FC1E2FC2B17C10C00A861B7 /* LaunchScreen.storyboard in Resources */ = {isa = PBXBuildFile; fileRef = 0FC1E2FA2B17C10C00A861B7 /* LaunchScreen.storyboard */; };
		0FC1E30A2B17C2E000A861B7 /* Colors.swift in Sources */ = {isa = PBXBuildFile; fileRef = 0FC1E3092B17C2E000A861B7 /* Colors.swift */; };
		0FC473412B2638A4005D1448 /* ContainerTableView.swift in Sources */ = {isa = PBXBuildFile; fileRef = 0FC473402B2638A4005D1448 /* ContainerTableView.swift */; };
		0FC473432B263DE3005D1448 /* TabBar.swift in Sources */ = {isa = PBXBuildFile; fileRef = 0FC473422B263DE3005D1448 /* TabBar.swift */; };
		0FC473462B263E91005D1448 /* CategoryVC.swift in Sources */ = {isa = PBXBuildFile; fileRef = 0FC473452B263E91005D1448 /* CategoryVC.swift */; };
		0FC473482B263EAE005D1448 /* HomeVC.swift in Sources */ = {isa = PBXBuildFile; fileRef = 0FC473472B263EAE005D1448 /* HomeVC.swift */; };
		0FFCD7F72B17C74A007047A2 /* Extension+UIVew.swift in Sources */ = {isa = PBXBuildFile; fileRef = 0FFCD7F62B17C74A007047A2 /* Extension+UIVew.swift */; };
		0FFCD7F92B180495007047A2 /* SginUpVC.swift in Sources */ = {isa = PBXBuildFile; fileRef = 0FFCD7F82B180494007047A2 /* SginUpVC.swift */; };
/* End PBXBuildFile section */

/* Begin PBXFileReference section */
		0F3E1AA22B1BEC4A0004FEAE /* ForgetPasswordVC.swift */ = {isa = PBXFileReference; lastKnownFileType = sourcecode.swift; path = ForgetPasswordVC.swift; sourceTree = "<group>"; };
		0F8D03482B295CE5006216FA /* CollectView+Enum.swift */ = {isa = PBXFileReference; lastKnownFileType = sourcecode.swift; path = "CollectView+Enum.swift"; sourceTree = "<group>"; };
		0F8D034A2B295D8B006216FA /* NewArrivalsCell.swift */ = {isa = PBXFileReference; lastKnownFileType = sourcecode.swift; path = NewArrivalsCell.swift; sourceTree = "<group>"; };
		0F8D034B2B295D8B006216FA /* NewArrivalsCell.xib */ = {isa = PBXFileReference; lastKnownFileType = file.xib; path = NewArrivalsCell.xib; sourceTree = "<group>"; };
		0FC1E2EC2B17C10A00A861B7 /* Shoping.app */ = {isa = PBXFileReference; explicitFileType = wrapper.application; includeInIndex = 0; path = Shoping.app; sourceTree = BUILT_PRODUCTS_DIR; };
		0FC1E2EF2B17C10A00A861B7 /* AppDelegate.swift */ = {isa = PBXFileReference; lastKnownFileType = sourcecode.swift; path = AppDelegate.swift; sourceTree = "<group>"; };
		0FC1E2F12B17C10A00A861B7 /* SceneDelegate.swift */ = {isa = PBXFileReference; lastKnownFileType = sourcecode.swift; path = SceneDelegate.swift; sourceTree = "<group>"; };
		0FC1E2F32B17C10A00A861B7 /* SignInVC.swift */ = {isa = PBXFileReference; lastKnownFileType = sourcecode.swift; path = SignInVC.swift; sourceTree = "<group>"; };
		0FC1E2F62B17C10A00A861B7 /* Base */ = {isa = PBXFileReference; lastKnownFileType = file.storyboard; name = Base; path = Base.lproj/Main.storyboard; sourceTree = "<group>"; };
		0FC1E2F82B17C10C00A861B7 /* Assets.xcassets */ = {isa = PBXFileReference; lastKnownFileType = folder.assetcatalog; path = Assets.xcassets; sourceTree = "<group>"; };
		0FC1E2FB2B17C10C00A861B7 /* Base */ = {isa = PBXFileReference; lastKnownFileType = file.storyboard; name = Base; path = Base.lproj/LaunchScreen.storyboard; sourceTree = "<group>"; };
		0FC1E2FD2B17C10C00A861B7 /* Info.plist */ = {isa = PBXFileReference; lastKnownFileType = text.plist.xml; path = Info.plist; sourceTree = "<group>"; };
		0FC1E3092B17C2E000A861B7 /* Colors.swift */ = {isa = PBXFileReference; lastKnownFileType = sourcecode.swift; path = Colors.swift; sourceTree = "<group>"; };
		0FC473402B2638A4005D1448 /* ContainerTableView.swift */ = {isa = PBXFileReference; lastKnownFileType = sourcecode.swift; path = ContainerTableView.swift; sourceTree = "<group>"; };
		0FC473422B263DE3005D1448 /* TabBar.swift */ = {isa = PBXFileReference; lastKnownFileType = sourcecode.swift; path = TabBar.swift; sourceTree = "<group>"; };
		0FC473452B263E91005D1448 /* CategoryVC.swift */ = {isa = PBXFileReference; lastKnownFileType = sourcecode.swift; path = CategoryVC.swift; sourceTree = "<group>"; };
		0FC473472B263EAE005D1448 /* HomeVC.swift */ = {isa = PBXFileReference; lastKnownFileType = sourcecode.swift; path = HomeVC.swift; sourceTree = "<group>"; };
		0FFCD7F62B17C74A007047A2 /* Extension+UIVew.swift */ = {isa = PBXFileReference; lastKnownFileType = sourcecode.swift; path = "Extension+UIVew.swift"; sourceTree = "<group>"; };
		0FFCD7F82B180494007047A2 /* SginUpVC.swift */ = {isa = PBXFileReference; lastKnownFileType = sourcecode.swift; path = SginUpVC.swift; sourceTree = "<group>"; };
/* End PBXFileReference section */

/* Begin PBXFrameworksBuildPhase section */
		0FC1E2E92B17C10A00A861B7 /* Frameworks */ = {
			isa = PBXFrameworksBuildPhase;
			buildActionMask = 2147483647;
			files = (
			);
			runOnlyForDeploymentPostprocessing = 0;
		};
/* End PBXFrameworksBuildPhase section */

/* Begin PBXGroup section */
		0F3E1AA42B1C45150004FEAE /* Login */ = {
			isa = PBXGroup;
			children = (
				0FC1E2F32B17C10A00A861B7 /* SignInVC.swift */,
				0FFCD7F82B180494007047A2 /* SginUpVC.swift */,
				0F3E1AA22B1BEC4A0004FEAE /* ForgetPasswordVC.swift */,
			);
			path = Login;
			sourceTree = "<group>";
		};
		0F6357EA2B1AD57D0057BCD7 /* Extensions */ = {
			isa = PBXGroup;
			children = (
				0FFCD7F62B17C74A007047A2 /* Extension+UIVew.swift */,
			);
			path = Extensions;
			sourceTree = "<group>";
		};
		0F8D03452B295C68006216FA /* CollectViewCell */ = {
			isa = PBXGroup;
			children = (
				0F8D034A2B295D8B006216FA /* NewArrivalsCell.swift */,
				0F8D034B2B295D8B006216FA /* NewArrivalsCell.xib */,
			);
			path = CollectViewCell;
			sourceTree = "<group>";
		};
		0F8D03462B295C7B006216FA /* Colors+Enums */ = {
			isa = PBXGroup;
			children = (
				0FC1E3092B17C2E000A861B7 /* Colors.swift */,
			);
			path = "Colors+Enums";
			sourceTree = "<group>";
		};
		0F8D03472B295C88006216FA /* CollectView+Enum */ = {
			isa = PBXGroup;
			children = (
				0F8D03482B295CE5006216FA /* CollectView+Enum.swift */,
			);
			path = "CollectView+Enum";
			sourceTree = "<group>";
		};
		0FC1E2E32B17C10A00A861B7 = {
			isa = PBXGroup;
			children = (
				0FC1E2EE2B17C10A00A861B7 /* Shoping */,
				0FC1E2ED2B17C10A00A861B7 /* Products */,
			);
			sourceTree = "<group>";
		};
		0FC1E2ED2B17C10A00A861B7 /* Products */ = {
			isa = PBXGroup;
			children = (
				0FC1E2EC2B17C10A00A861B7 /* Shoping.app */,
			);
			name = Products;
			sourceTree = "<group>";
		};
		0FC1E2EE2B17C10A00A861B7 /* Shoping */ = {
			isa = PBXGroup;
			children = (
				0FC1E3062B17C1F100A861B7 /* Controllers */,
				0FC1E3052B17C1EC00A861B7 /* Models */,
				0FC1E3042B17C1E500A861B7 /* Views */,
				0FC1E3032B17C1CC00A861B7 /* Utilities */,
				0FC1E2EF2B17C10A00A861B7 /* AppDelegate.swift */,
				0FC1E2F12B17C10A00A861B7 /* SceneDelegate.swift */,
				0FC1E2F82B17C10C00A861B7 /* Assets.xcassets */,
				0FC1E2FD2B17C10C00A861B7 /* Info.plist */,
			);
			path = Shoping;
			sourceTree = "<group>";
		};
		0FC1E3032B17C1CC00A861B7 /* Utilities */ = {
			isa = PBXGroup;
			children = (
				0F6357EA2B1AD57D0057BCD7 /* Extensions */,
				0FC1E3082B17C2D300A861B7 /* Enums */,
			);
			path = Utilities;
			sourceTree = "<group>";
		};
		0FC1E3042B17C1E500A861B7 /* Views */ = {
			isa = PBXGroup;
			children = (
				0F8D03452B295C68006216FA /* CollectViewCell */,
				0FC1E3072B17C20700A861B7 /* Main */,
			);
			path = Views;
			sourceTree = "<group>";
		};
		0FC1E3052B17C1EC00A861B7 /* Models */ = {
			isa = PBXGroup;
			children = (
			);
			path = Models;
			sourceTree = "<group>";
		};
		0FC1E3062B17C1F100A861B7 /* Controllers */ = {
			isa = PBXGroup;
			children = (
				0FC473442B263E72005D1448 /* ViewControllers */,
				0FC4733D2B263804005D1448 /* TabBar */,
				0F3E1AA42B1C45150004FEAE /* Login */,
			);
			path = Controllers;
			sourceTree = "<group>";
		};
		0FC1E3072B17C20700A861B7 /* Main */ = {
			isa = PBXGroup;
			children = (
				0FC1E2FA2B17C10C00A861B7 /* LaunchScreen.storyboard */,
				0FC1E2F52B17C10A00A861B7 /* Main.storyboard */,
			);
			path = Main;
			sourceTree = "<group>";
		};
		0FC1E3082B17C2D300A861B7 /* Enums */ = {
			isa = PBXGroup;
			children = (
				0F8D03472B295C88006216FA /* CollectView+Enum */,
				0F8D03462B295C7B006216FA /* Colors+Enums */,
			);
			path = Enums;
			sourceTree = "<group>";
		};
		0FC4733D2B263804005D1448 /* TabBar */ = {
			isa = PBXGroup;
			children = (
				0FC473402B2638A4005D1448 /* ContainerTableView.swift */,
				0FC473422B263DE3005D1448 /* TabBar.swift */,
			);
			path = TabBar;
			sourceTree = "<group>";
		};
		0FC473442B263E72005D1448 /* ViewControllers */ = {
			isa = PBXGroup;
			children = (
				0FC473452B263E91005D1448 /* CategoryVC.swift */,
				0FC473472B263EAE005D1448 /* HomeVC.swift */,
			);
			path = ViewControllers;
			sourceTree = "<group>";
		};
/* End PBXGroup section */

/* Begin PBXNativeTarget section */
		0FC1E2EB2B17C10A00A861B7 /* Shoping */ = {
			isa = PBXNativeTarget;
			buildConfigurationList = 0FC1E3002B17C10C00A861B7 /* Build configuration list for PBXNativeTarget "Shoping" */;
			buildPhases = (
				0FC1E2E82B17C10A00A861B7 /* Sources */,
				0FC1E2E92B17C10A00A861B7 /* Frameworks */,
				0FC1E2EA2B17C10A00A861B7 /* Resources */,
			);
			buildRules = (
			);
			dependencies = (
			);
			name = Shoping;
			productName = Shoping;
			productReference = 0FC1E2EC2B17C10A00A861B7 /* Shoping.app */;
			productType = "com.apple.product-type.application";
		};
/* End PBXNativeTarget section */

/* Begin PBXProject section */
		0FC1E2E42B17C10A00A861B7 /* Project object */ = {
			isa = PBXProject;
			attributes = {
				BuildIndependentTargetsInParallel = 1;
				LastSwiftUpdateCheck = 1500;
				LastUpgradeCheck = 1500;
				TargetAttributes = {
					0FC1E2EB2B17C10A00A861B7 = {
						CreatedOnToolsVersion = 15.0.1;
					};
				};
			};
			buildConfigurationList = 0FC1E2E72B17C10A00A861B7 /* Build configuration list for PBXProject "Shoping" */;
			compatibilityVersion = "Xcode 14.0";
			developmentRegion = en;
			hasScannedForEncodings = 0;
			knownRegions = (
				en,
				Base,
			);
			mainGroup = 0FC1E2E32B17C10A00A861B7;
			productRefGroup = 0FC1E2ED2B17C10A00A861B7 /* Products */;
			projectDirPath = "";
			projectRoot = "";
			targets = (
				0FC1E2EB2B17C10A00A861B7 /* Shoping */,
			);
		};
/* End PBXProject section */

/* Begin PBXResourcesBuildPhase section */
		0FC1E2EA2B17C10A00A861B7 /* Resources */ = {
			isa = PBXResourcesBuildPhase;
			buildActionMask = 2147483647;
			files = (
				0FC1E2FC2B17C10C00A861B7 /* LaunchScreen.storyboard in Resources */,
				0FC1E2F92B17C10C00A861B7 /* Assets.xcassets in Resources */,
				0F8D034D2B295D8B006216FA /* NewArrivalsCell.xib in Resources */,
				0FC1E2F72B17C10A00A861B7 /* Main.storyboard in Resources */,
			);
			runOnlyForDeploymentPostprocessing = 0;
		};
/* End PBXResourcesBuildPhase section */

/* Begin PBXSourcesBuildPhase section */
		0FC1E2E82B17C10A00A861B7 /* Sources */ = {
			isa = PBXSourcesBuildPhase;
			buildActionMask = 2147483647;
			files = (
				0FC473462B263E91005D1448 /* CategoryVC.swift in Sources */,
				0FC473432B263DE3005D1448 /* TabBar.swift in Sources */,
				0FFCD7F72B17C74A007047A2 /* Extension+UIVew.swift in Sources */,
				0FC473412B2638A4005D1448 /* ContainerTableView.swift in Sources */,
				0F8D034C2B295D8B006216FA /* NewArrivalsCell.swift in Sources */,
				0FC1E2F42B17C10A00A861B7 /* SignInVC.swift in Sources */,
				0FC1E30A2B17C2E000A861B7 /* Colors.swift in Sources */,
				0FC1E2F02B17C10A00A861B7 /* AppDelegate.swift in Sources */,
				0FFCD7F92B180495007047A2 /* SginUpVC.swift in Sources */,
				0F3E1AA32B1BEC4A0004FEAE /* ForgetPasswordVC.swift in Sources */,
				0FC473482B263EAE005D1448 /* HomeVC.swift in Sources */,
				0F8D03492B295CE5006216FA /* CollectView+Enum.swift in Sources */,
				0FC1E2F22B17C10A00A861B7 /* SceneDelegate.swift in Sources */,
			);
			runOnlyForDeploymentPostprocessing = 0;
		};
/* End PBXSourcesBuildPhase section */

/* Begin PBXVariantGroup section */
		0FC1E2F52B17C10A00A861B7 /* Main.storyboard */ = {
			isa = PBXVariantGroup;
			children = (
				0FC1E2F62B17C10A00A861B7 /* Base */,
			);
			name = Main.storyboard;
			sourceTree = "<group>";
		};
		0FC1E2FA2B17C10C00A861B7 /* LaunchScreen.storyboard */ = {
			isa = PBXVariantGroup;
			children = (
				0FC1E2FB2B17C10C00A861B7 /* Base */,
			);
			name = LaunchScreen.storyboard;
			sourceTree = "<group>";
		};
/* End PBXVariantGroup section */

/* Begin XCBuildConfiguration section */
		0FC1E2FE2B17C10C00A861B7 /* Debug */ = {
			isa = XCBuildConfiguration;
			buildSettings = {
				ALWAYS_SEARCH_USER_PATHS = NO;
				ASSETCATALOG_COMPILER_GENERATE_SWIFT_ASSET_SYMBOL_EXTENSIONS = YES;
				CLANG_ANALYZER_NONNULL = YES;
				CLANG_ANALYZER_NUMBER_OBJECT_CONVERSION = YES_AGGRESSIVE;
				CLANG_CXX_LANGUAGE_STANDARD = "gnu++20";
				CLANG_ENABLE_MODULES = YES;
				CLANG_ENABLE_OBJC_ARC = YES;
				CLANG_ENABLE_OBJC_WEAK = YES;
				CLANG_WARN_BLOCK_CAPTURE_AUTORELEASING = YES;
				CLANG_WARN_BOOL_CONVERSION = YES;
				CLANG_WARN_COMMA = YES;
				CLANG_WARN_CONSTANT_CONVERSION = YES;
				CLANG_WARN_DEPRECATED_OBJC_IMPLEMENTATIONS = YES;
				CLANG_WARN_DIRECT_OBJC_ISA_USAGE = YES_ERROR;
				CLANG_WARN_DOCUMENTATION_COMMENTS = YES;
				CLANG_WARN_EMPTY_BODY = YES;
				CLANG_WARN_ENUM_CONVERSION = YES;
				CLANG_WARN_INFINITE_RECURSION = YES;
				CLANG_WARN_INT_CONVERSION = YES;
				CLANG_WARN_NON_LITERAL_NULL_CONVERSION = YES;
				CLANG_WARN_OBJC_IMPLICIT_RETAIN_SELF = YES;
				CLANG_WARN_OBJC_LITERAL_CONVERSION = YES;
				CLANG_WARN_OBJC_ROOT_CLASS = YES_ERROR;
				CLANG_WARN_QUOTED_INCLUDE_IN_FRAMEWORK_HEADER = YES;
				CLANG_WARN_RANGE_LOOP_ANALYSIS = YES;
				CLANG_WARN_STRICT_PROTOTYPES = YES;
				CLANG_WARN_SUSPICIOUS_MOVE = YES;
				CLANG_WARN_UNGUARDED_AVAILABILITY = YES_AGGRESSIVE;
				CLANG_WARN_UNREACHABLE_CODE = YES;
				CLANG_WARN__DUPLICATE_METHOD_MATCH = YES;
				COPY_PHASE_STRIP = NO;
				DEBUG_INFORMATION_FORMAT = dwarf;
				ENABLE_STRICT_OBJC_MSGSEND = YES;
				ENABLE_TESTABILITY = YES;
				ENABLE_USER_SCRIPT_SANDBOXING = YES;
				GCC_C_LANGUAGE_STANDARD = gnu17;
				GCC_DYNAMIC_NO_PIC = NO;
				GCC_NO_COMMON_BLOCKS = YES;
				GCC_OPTIMIZATION_LEVEL = 0;
				GCC_PREPROCESSOR_DEFINITIONS = (
					"DEBUG=1",
					"$(inherited)",
				);
				GCC_WARN_64_TO_32_BIT_CONVERSION = YES;
				GCC_WARN_ABOUT_RETURN_TYPE = YES_ERROR;
				GCC_WARN_UNDECLARED_SELECTOR = YES;
				GCC_WARN_UNINITIALIZED_AUTOS = YES_AGGRESSIVE;
				GCC_WARN_UNUSED_FUNCTION = YES;
				GCC_WARN_UNUSED_VARIABLE = YES;
				IPHONEOS_DEPLOYMENT_TARGET = 17.0;
				LOCALIZATION_PREFERS_STRING_CATALOGS = YES;
				MTL_ENABLE_DEBUG_INFO = INCLUDE_SOURCE;
				MTL_FAST_MATH = YES;
				ONLY_ACTIVE_ARCH = YES;
				SDKROOT = iphoneos;
				SWIFT_ACTIVE_COMPILATION_CONDITIONS = "DEBUG $(inherited)";
				SWIFT_OPTIMIZATION_LEVEL = "-Onone";
			};
			name = Debug;
		};
		0FC1E2FF2B17C10C00A861B7 /* Release */ = {
			isa = XCBuildConfiguration;
			buildSettings = {
				ALWAYS_SEARCH_USER_PATHS = NO;
				ASSETCATALOG_COMPILER_GENERATE_SWIFT_ASSET_SYMBOL_EXTENSIONS = YES;
				CLANG_ANALYZER_NONNULL = YES;
				CLANG_ANALYZER_NUMBER_OBJECT_CONVERSION = YES_AGGRESSIVE;
				CLANG_CXX_LANGUAGE_STANDARD = "gnu++20";
				CLANG_ENABLE_MODULES = YES;
				CLANG_ENABLE_OBJC_ARC = YES;
				CLANG_ENABLE_OBJC_WEAK = YES;
				CLANG_WARN_BLOCK_CAPTURE_AUTORELEASING = YES;
				CLANG_WARN_BOOL_CONVERSION = YES;
				CLANG_WARN_COMMA = YES;
				CLANG_WARN_CONSTANT_CONVERSION = YES;
				CLANG_WARN_DEPRECATED_OBJC_IMPLEMENTATIONS = YES;
				CLANG_WARN_DIRECT_OBJC_ISA_USAGE = YES_ERROR;
				CLANG_WARN_DOCUMENTATION_COMMENTS = YES;
				CLANG_WARN_EMPTY_BODY = YES;
				CLANG_WARN_ENUM_CONVERSION = YES;
				CLANG_WARN_INFINITE_RECURSION = YES;
				CLANG_WARN_INT_CONVERSION = YES;
				CLANG_WARN_NON_LITERAL_NULL_CONVERSION = YES;
				CLANG_WARN_OBJC_IMPLICIT_RETAIN_SELF = YES;
				CLANG_WARN_OBJC_LITERAL_CONVERSION = YES;
				CLANG_WARN_OBJC_ROOT_CLASS = YES_ERROR;
				CLANG_WARN_QUOTED_INCLUDE_IN_FRAMEWORK_HEADER = YES;
				CLANG_WARN_RANGE_LOOP_ANALYSIS = YES;
				CLANG_WARN_STRICT_PROTOTYPES = YES;
				CLANG_WARN_SUSPICIOUS_MOVE = YES;
				CLANG_WARN_UNGUARDED_AVAILABILITY = YES_AGGRESSIVE;
				CLANG_WARN_UNREACHABLE_CODE = YES;
				CLANG_WARN__DUPLICATE_METHOD_MATCH = YES;
				COPY_PHASE_STRIP = NO;
				DEBUG_INFORMATION_FORMAT = "dwarf-with-dsym";
				ENABLE_NS_ASSERTIONS = NO;
				ENABLE_STRICT_OBJC_MSGSEND = YES;
				ENABLE_USER_SCRIPT_SANDBOXING = YES;
				GCC_C_LANGUAGE_STANDARD = gnu17;
				GCC_NO_COMMON_BLOCKS = YES;
				GCC_WARN_64_TO_32_BIT_CONVERSION = YES;
				GCC_WARN_ABOUT_RETURN_TYPE = YES_ERROR;
				GCC_WARN_UNDECLARED_SELECTOR = YES;
				GCC_WARN_UNINITIALIZED_AUTOS = YES_AGGRESSIVE;
				GCC_WARN_UNUSED_FUNCTION = YES;
				GCC_WARN_UNUSED_VARIABLE = YES;
				IPHONEOS_DEPLOYMENT_TARGET = 17.0;
				LOCALIZATION_PREFERS_STRING_CATALOGS = YES;
				MTL_ENABLE_DEBUG_INFO = NO;
				MTL_FAST_MATH = YES;
				SDKROOT = iphoneos;
				SWIFT_COMPILATION_MODE = wholemodule;
				VALIDATE_PRODUCT = YES;
			};
			name = Release;
		};
		0FC1E3012B17C10C00A861B7 /* Debug */ = {
			isa = XCBuildConfiguration;
			buildSettings = {
				ASSETCATALOG_COMPILER_APPICON_NAME = AppIcon;
				ASSETCATALOG_COMPILER_GLOBAL_ACCENT_COLOR_NAME = AccentColor;
				CODE_SIGN_STYLE = Automatic;
				CURRENT_PROJECT_VERSION = 1;
				GENERATE_INFOPLIST_FILE = YES;
				INFOPLIST_FILE = Shoping/Info.plist;
				INFOPLIST_KEY_UIApplicationSupportsIndirectInputEvents = YES;
				INFOPLIST_KEY_UILaunchStoryboardName = LaunchScreen;
				INFOPLIST_KEY_UIMainStoryboardFile = Main;
				INFOPLIST_KEY_UISupportedInterfaceOrientations_iPad = "UIInterfaceOrientationPortrait UIInterfaceOrientationPortraitUpsideDown UIInterfaceOrientationLandscapeLeft UIInterfaceOrientationLandscapeRight";
				INFOPLIST_KEY_UISupportedInterfaceOrientations_iPhone = "UIInterfaceOrientationPortrait UIInterfaceOrientationLandscapeLeft UIInterfaceOrientationLandscapeRight";
				LD_RUNPATH_SEARCH_PATHS = (
					"$(inherited)",
					"@executable_path/Frameworks",
				);
				MARKETING_VERSION = 1.0;
				PRODUCT_BUNDLE_IDENTIFIER = comNote.Shoping;
				PRODUCT_NAME = "$(TARGET_NAME)";
				SWIFT_EMIT_LOC_STRINGS = YES;
				SWIFT_VERSION = 5.0;
				TARGETED_DEVICE_FAMILY = "1,2";
			};
			name = Debug;
		};
		0FC1E3022B17C10C00A861B7 /* Release */ = {
			isa = XCBuildConfiguration;
			buildSettings = {
				ASSETCATALOG_COMPILER_APPICON_NAME = AppIcon;
				ASSETCATALOG_COMPILER_GLOBAL_ACCENT_COLOR_NAME = AccentColor;
				CODE_SIGN_STYLE = Automatic;
				CURRENT_PROJECT_VERSION = 1;
				GENERATE_INFOPLIST_FILE = YES;
				INFOPLIST_FILE = Shoping/Info.plist;
				INFOPLIST_KEY_UIApplicationSupportsIndirectInputEvents = YES;
				INFOPLIST_KEY_UILaunchStoryboardName = LaunchScreen;
				INFOPLIST_KEY_UIMainStoryboardFile = Main;
				INFOPLIST_KEY_UISupportedInterfaceOrientations_iPad = "UIInterfaceOrientationPortrait UIInterfaceOrientationPortraitUpsideDown UIInterfaceOrientationLandscapeLeft UIInterfaceOrientationLandscapeRight";
				INFOPLIST_KEY_UISupportedInterfaceOrientations_iPhone = "UIInterfaceOrientationPortrait UIInterfaceOrientationLandscapeLeft UIInterfaceOrientationLandscapeRight";
				LD_RUNPATH_SEARCH_PATHS = (
					"$(inherited)",
					"@executable_path/Frameworks",
				);
				MARKETING_VERSION = 1.0;
				PRODUCT_BUNDLE_IDENTIFIER = comNote.Shoping;
				PRODUCT_NAME = "$(TARGET_NAME)";
				SWIFT_EMIT_LOC_STRINGS = YES;
				SWIFT_VERSION = 5.0;
				TARGETED_DEVICE_FAMILY = "1,2";
			};
			name = Release;
		};
/* End XCBuildConfiguration section */

/* Begin XCConfigurationList section */
		0FC1E2E72B17C10A00A861B7 /* Build configuration list for PBXProject "Shoping" */ = {
			isa = XCConfigurationList;
			buildConfigurations = (
				0FC1E2FE2B17C10C00A861B7 /* Debug */,
				0FC1E2FF2B17C10C00A861B7 /* Release */,
			);
			defaultConfigurationIsVisible = 0;
			defaultConfigurationName = Release;
		};
		0FC1E3002B17C10C00A861B7 /* Build configuration list for PBXNativeTarget "Shoping" */ = {
			isa = XCConfigurationList;
			buildConfigurations = (
				0FC1E3012B17C10C00A861B7 /* Debug */,
				0FC1E3022B17C10C00A861B7 /* Release */,
			);
			defaultConfigurationIsVisible = 0;
			defaultConfigurationName = Release;
		};
/* End XCConfigurationList section */
	};
	rootObject = 0FC1E2E42B17C10A00A861B7 /* Project object */;
}
